
Microsoft Visual Studio Solution File, Format Version 12.00
# Visual Studio 2012
Project("{8BC9CEB8-8B4A-11D0-8D11-00A0C91BC942}") = "RayAHRS", "RayAHRS\RayAHRS.vcxproj", "{CF506856-6B9B-4132-9025-B54E8FFA7FD7}"
EndProject
Global
	GlobalSection(SolutionConfigurationPlatforms) = preSolution
		Debug|Win32 = Debug|Win32
		Release|Win32 = Release|Win32
	EndGlobalSection
	GlobalSection(ProjectConfigurationPlatforms) = postSolution
		{CF506856-6B9B-4132-9025-B54E8FFA7FD7}.Debug|Win32.ActiveCfg = Debug|Win32
		{CF506856-6B9B-4132-9025-B54E8FFA7FD7}.Debug|Win32.Build.0 = Debug|Win32
		{CF506856-6B9B-4132-9025-B54E8FFA7FD7}.Release|Win32.ActiveCfg = Release|Win32
		{CF506856-6B9B-4132-9025-B54E8FFA7FD7}.Release|Win32.Build.0 = Release|Win32
	EndGlobalSection
	GlobalSection(SolutionProperties) = preSolution
		HideSolutionNode = FALSE
	EndGlobalSection
EndGlobal
